
Microsoft Visual Studio Solution File, Format Version 12.00
# Visual Studio Version 16
VisualStudioVersion = 16.0.31515.178
MinimumVisualStudioVersion = 10.0.40219.1
Project("{8BC9CEB8-8B4A-11D0-8D11-00A0C91BC942}") = "Ex01.01", "Ex01.01\Ex01.01.vcxproj", "{7EDBF1B1-A7DF-40B6-87E9-D7993730DFD8}"
EndProject
Global
	GlobalSection(SolutionConfigurationPlatforms) = preSolution
		Debug|x64 = Debug|x64
		Debug|x86 = Debug|x86
		Release|x64 = Release|x64
		Release|x86 = Release|x86
	EndGlobalSection
	GlobalSection(ProjectConfigurationPlatforms) = postSolution
		{7EDBF1B1-A7DF-40B6-87E9-D7993730DFD8}.Debug|x64.ActiveCfg = Debug|x64
		{7EDBF1B1-A7DF-40B6-87E9-D7993730DFD8}.Debug|x64.Build.0 = Debug|x64
		{7EDBF1B1-A7DF-40B6-87E9-D7993730DFD8}.Debug|x86.ActiveCfg = Debug|Win32
		{7EDBF1B1-A7DF-40B6-87E9-D7993730DFD8}.Debug|x86.Build.0 = Debug|Win32
		{7EDBF1B1-A7DF-40B6-87E9-D7993730DFD8}.Release|x64.ActiveCfg = Release|x64
		{7EDBF1B1-A7DF-40B6-87E9-D7993730DFD8}.Release|x64.Build.0 = Release|x64
		{7EDBF1B1-A7DF-40B6-87E9-D7993730DFD8}.Release|x86.ActiveCfg = Release|Win32
		{7EDBF1B1-A7DF-40B6-87E9-D7993730DFD8}.Release|x86.Build.0 = Release|Win32
	EndGlobalSection
	GlobalSection(SolutionProperties) = preSolution
		HideSolutionNode = FALSE
	EndGlobalSection
	GlobalSection(ExtensibilityGlobals) = postSolution
		SolutionGuid = {D3056948-C8A2-4530-B1FA-0DE9D1EA6DE4}
	EndGlobalSection
EndGlobal
