
Microsoft Visual Studio Solution File, Format Version 12.00
# Visual Studio Version 16
VisualStudioVersion = 16.0.31515.178
MinimumVisualStudioVersion = 10.0.40219.1
Project("{8BC9CEB8-8B4A-11D0-8D11-00A0C91BC942}") = "Ex03.02", "Ex03.02\Ex03.02.vcxproj", "{45B16426-EB98-4980-8770-05F2E10B8377}"
EndProject
Global
	GlobalSection(SolutionConfigurationPlatforms) = preSolution
		Debug|x64 = Debug|x64
		Debug|x86 = Debug|x86
		Release|x64 = Release|x64
		Release|x86 = Release|x86
	EndGlobalSection
	GlobalSection(ProjectConfigurationPlatforms) = postSolution
		{45B16426-EB98-4980-8770-05F2E10B8377}.Debug|x64.ActiveCfg = Debug|x64
		{45B16426-EB98-4980-8770-05F2E10B8377}.Debug|x64.Build.0 = Debug|x64
		{45B16426-EB98-4980-8770-05F2E10B8377}.Debug|x86.ActiveCfg = Debug|Win32
		{45B16426-EB98-4980-8770-05F2E10B8377}.Debug|x86.Build.0 = Debug|Win32
		{45B16426-EB98-4980-8770-05F2E10B8377}.Release|x64.ActiveCfg = Release|x64
		{45B16426-EB98-4980-8770-05F2E10B8377}.Release|x64.Build.0 = Release|x64
		{45B16426-EB98-4980-8770-05F2E10B8377}.Release|x86.ActiveCfg = Release|Win32
		{45B16426-EB98-4980-8770-05F2E10B8377}.Release|x86.Build.0 = Release|Win32
	EndGlobalSection
	GlobalSection(SolutionProperties) = preSolution
		HideSolutionNode = FALSE
	EndGlobalSection
	GlobalSection(ExtensibilityGlobals) = postSolution
		SolutionGuid = {E44FB167-74EE-4CE4-AE64-3C05AE5FECCC}
	EndGlobalSection
EndGlobal
