
Microsoft Visual Studio Solution File, Format Version 12.00
# Visual Studio Version 16
VisualStudioVersion = 16.0.31515.178
MinimumVisualStudioVersion = 10.0.40219.1
Project("{8BC9CEB8-8B4A-11D0-8D11-00A0C91BC942}") = "Ex04.03", "Ex04.03\Ex04.03.vcxproj", "{DFE9A59E-A9A6-40CA-9F44-D87EAEFBE2D8}"
EndProject
Global
	GlobalSection(SolutionConfigurationPlatforms) = preSolution
		Debug|x64 = Debug|x64
		Debug|x86 = Debug|x86
		Release|x64 = Release|x64
		Release|x86 = Release|x86
	EndGlobalSection
	GlobalSection(ProjectConfigurationPlatforms) = postSolution
		{DFE9A59E-A9A6-40CA-9F44-D87EAEFBE2D8}.Debug|x64.ActiveCfg = Debug|x64
		{DFE9A59E-A9A6-40CA-9F44-D87EAEFBE2D8}.Debug|x64.Build.0 = Debug|x64
		{DFE9A59E-A9A6-40CA-9F44-D87EAEFBE2D8}.Debug|x86.ActiveCfg = Debug|Win32
		{DFE9A59E-A9A6-40CA-9F44-D87EAEFBE2D8}.Debug|x86.Build.0 = Debug|Win32
		{DFE9A59E-A9A6-40CA-9F44-D87EAEFBE2D8}.Release|x64.ActiveCfg = Release|x64
		{DFE9A59E-A9A6-40CA-9F44-D87EAEFBE2D8}.Release|x64.Build.0 = Release|x64
		{DFE9A59E-A9A6-40CA-9F44-D87EAEFBE2D8}.Release|x86.ActiveCfg = Release|Win32
		{DFE9A59E-A9A6-40CA-9F44-D87EAEFBE2D8}.Release|x86.Build.0 = Release|Win32
	EndGlobalSection
	GlobalSection(SolutionProperties) = preSolution
		HideSolutionNode = FALSE
	EndGlobalSection
	GlobalSection(ExtensibilityGlobals) = postSolution
		SolutionGuid = {13AF2F73-F735-482F-B0C3-6FFDC4553F1E}
	EndGlobalSection
EndGlobal
